// !$*UTF8*$!
{
	archiveVersion = 1;
	classes = {
	};
	objectVersion = 46;
	objects = {

/* Begin PBXBuildFile section */
		201F042119699AEE0045AB37 /* ATDPlaceSearchViewController.m in Sources */ = {isa = PBXBuildFile; fileRef = 201F042019699AEE0045AB37 /* ATDPlaceSearchViewController.m */; };
		201F04241970F9560045AB37 /* ATD4sqPlace.m in Sources */ = {isa = PBXBuildFile; fileRef = 201F04231970F9560045AB37 /* ATD4sqPlace.m */; };
		201F04271970FF5B0045AB37 /* fontawesome-webfont.ttf in Resources */ = {isa = PBXBuildFile; fileRef = 201F04261970FF5B0045AB37 /* fontawesome-webfont.ttf */; };
		201F042A197102750045AB37 /* ATDSettingViewController.m in Sources */ = {isa = PBXBuildFile; fileRef = 201F0429197102750045AB37 /* ATDSettingViewController.m */; };
		20223CFD198BD4C800B8C97D /* ATDTutorialStartView.m in Sources */ = {isa = PBXBuildFile; fileRef = 20223CFC198BD4C800B8C97D /* ATDTutorialStartView.m */; };
		202C660519604D5D00497257 /* Foundation.framework in Frameworks */ = {isa = PBXBuildFile; fileRef = 202C660419604D5D00497257 /* Foundation.framework */; };
		202C660719604D5D00497257 /* CoreGraphics.framework in Frameworks */ = {isa = PBXBuildFile; fileRef = 202C660619604D5D00497257 /* CoreGraphics.framework */; };
		202C660919604D5D00497257 /* UIKit.framework in Frameworks */ = {isa = PBXBuildFile; fileRef = 202C660819604D5D00497257 /* UIKit.framework */; };
		202C660F19604D5D00497257 /* InfoPlist.strings in Resources */ = {isa = PBXBuildFile; fileRef = 202C660D19604D5D00497257 /* InfoPlist.strings */; };
		202C661119604D5D00497257 /* main.m in Sources */ = {isa = PBXBuildFile; fileRef = 202C661019604D5D00497257 /* main.m */; };
		202C661519604D5D00497257 /* ATDAppDelegate.m in Sources */ = {isa = PBXBuildFile; fileRef = 202C661419604D5D00497257 /* ATDAppDelegate.m */; };
		202C661819604D5D00497257 /* Main.storyboard in Resources */ = {isa = PBXBuildFile; fileRef = 202C661619604D5D00497257 /* Main.storyboard */; };
		202C661B19604D5D00497257 /* ATDViewController.m in Sources */ = {isa = PBXBuildFile; fileRef = 202C661A19604D5D00497257 /* ATDViewController.m */; };
		202C661D19604D5D00497257 /* Images.xcassets in Resources */ = {isa = PBXBuildFile; fileRef = 202C661C19604D5D00497257 /* Images.xcassets */; };
		202C662419604D5E00497257 /* XCTest.framework in Frameworks */ = {isa = PBXBuildFile; fileRef = 202C662319604D5E00497257 /* XCTest.framework */; };
		202C662519604D5E00497257 /* Foundation.framework in Frameworks */ = {isa = PBXBuildFile; fileRef = 202C660419604D5D00497257 /* Foundation.framework */; };
		202C662619604D5E00497257 /* UIKit.framework in Frameworks */ = {isa = PBXBuildFile; fileRef = 202C660819604D5D00497257 /* UIKit.framework */; };
		202C663C19678BB400497257 /* ATDPlaceMemo.m in Sources */ = {isa = PBXBuildFile; fileRef = 202C663B19678BB400497257 /* ATDPlaceMemo.m */; };
		204C1599198935AB00CFDCBB /* libGoogleAnalyticsServices.a in Frameworks */ = {isa = PBXBuildFile; fileRef = 204C1598198935AB00CFDCBB /* libGoogleAnalyticsServices.a */; };
		204C159B198935D600CFDCBB /* libz.dylib in Frameworks */ = {isa = PBXBuildFile; fileRef = 204C159A198935D600CFDCBB /* libz.dylib */; };
		204C159D198935E700CFDCBB /* CoreData.framework in Frameworks */ = {isa = PBXBuildFile; fileRef = 204C159C198935E700CFDCBB /* CoreData.framework */; };
		204C159F1989365600CFDCBB /* libsqlite3.0.dylib in Frameworks */ = {isa = PBXBuildFile; fileRef = 204C159E1989365600CFDCBB /* libsqlite3.0.dylib */; };
		207796961989380800EF3879 /* UIViewController+GAInject.m in Sources */ = {isa = PBXBuildFile; fileRef = 207796951989380800EF3879 /* UIViewController+GAInject.m */; };
		2077969E19893FF300EF3879 /* dsym_upload.sh in Resources */ = {isa = PBXBuildFile; fileRef = 2077969C19893FF300EF3879 /* dsym_upload.sh */; };
		2077969F19893FF300EF3879 /* libCrittercism_v4_3_4.a in Frameworks */ = {isa = PBXBuildFile; fileRef = 2077969D19893FF300EF3879 /* libCrittercism_v4_3_4.a */; };
		208131AF19678E8E0094E577 /* ATDPlaceMemoCell.m in Sources */ = {isa = PBXBuildFile; fileRef = 208131AE19678E8E0094E577 /* ATDPlaceMemoCell.m */; };
		208131B119678E9B0094E577 /* ATDPlaceMemoCell.xib in Resources */ = {isa = PBXBuildFile; fileRef = 208131B019678E9B0094E577 /* ATDPlaceMemoCell.xib */; };
		208131B4196791A70094E577 /* ATDAddViewController.m in Sources */ = {isa = PBXBuildFile; fileRef = 208131B3196791A70094E577 /* ATDAddViewController.m */; };
		208131BB196798BA0094E577 /* ATODE.xcdatamodeld in Sources */ = {isa = PBXBuildFile; fileRef = 208131B9196798BA0094E577 /* ATODE.xcdatamodeld */; };
		208131C11967AF2F0094E577 /* ATDCoreDataManger.m in Sources */ = {isa = PBXBuildFile; fileRef = 208131C01967AF2F0094E577 /* ATDCoreDataManger.m */; };
		209A406C198A8FFB007409B1 /* Localizable.strings in Resources */ = {isa = PBXBuildFile; fileRef = 209A406E198A8FFB007409B1 /* Localizable.strings */; };
		20A0FA4E1972A53B004FA008 /* ATDDetailViewController.m in Sources */ = {isa = PBXBuildFile; fileRef = 20A0FA4D1972A53B004FA008 /* ATDDetailViewController.m */; };
		20A0FA541972B0E5004FA008 /* PlaceMemo.m in Sources */ = {isa = PBXBuildFile; fileRef = 20A0FA531972B0E5004FA008 /* PlaceMemo.m */; };
		20A0FA561972B6B6004FA008 /* MapKit.framework in Frameworks */ = {isa = PBXBuildFile; fileRef = 20A0FA551972B6B6004FA008 /* MapKit.framework */; };
		20A0FA5A1972D48B004FA008 /* MKMapView+ATDZoomLevel.m in Sources */ = {isa = PBXBuildFile; fileRef = 20A0FA591972D48B004FA008 /* MKMapView+ATDZoomLevel.m */; };
		20A0FA5D1972D5BE004FA008 /* ATDAnnotation.m in Sources */ = {isa = PBXBuildFile; fileRef = 20A0FA5C1972D5BE004FA008 /* ATDAnnotation.m */; };
		20A0FA601972F8C7004FA008 /* ATDMapViewController.m in Sources */ = {isa = PBXBuildFile; fileRef = 20A0FA5F1972F8C7004FA008 /* ATDMapViewController.m */; };
		20AA05B119756967009A1735 /* ATDPhotoCell.m in Sources */ = {isa = PBXBuildFile; fileRef = 20AA05B019756967009A1735 /* ATDPhotoCell.m */; };
		20AA05B419756975009A1735 /* ATDPlaceInfoCell.m in Sources */ = {isa = PBXBuildFile; fileRef = 20AA05B319756975009A1735 /* ATDPlaceInfoCell.m */; };
		20AA05B719756982009A1735 /* ATDMemoCell.m in Sources */ = {isa = PBXBuildFile; fileRef = 20AA05B619756982009A1735 /* ATDMemoCell.m */; };
		20AA05BA1975698E009A1735 /* ATDMapCell.m in Sources */ = {isa = PBXBuildFile; fileRef = 20AA05B91975698E009A1735 /* ATDMapCell.m */; };
		20AA05BD197569A9009A1735 /* ATDPostDateCell.m in Sources */ = {isa = PBXBuildFile; fileRef = 20AA05BC197569A9009A1735 /* ATDPostDateCell.m */; };
		20D64FDA198BCF11006A6E07 /* ATDTutorialStartView.xib in Resources */ = {isa = PBXBuildFile; fileRef = 20D64FD9198BCF11006A6E07 /* ATDTutorialStartView.xib */; };
		BADD391C7A8C4D6FBB1C5F1C /* libPods.a in Frameworks */ = {isa = PBXBuildFile; fileRef = E43CBDEB2F3F49CA98E99DC4 /* libPods.a */; };
		D99773F71977825100DBEF35 /* ATDImageViewController.m in Sources */ = {isa = PBXBuildFile; fileRef = D99773F61977825100DBEF35 /* ATDImageViewController.m */; };
		D99774011977DFCC00DBEF35 /* ATDEditMemoViewController.m in Sources */ = {isa = PBXBuildFile; fileRef = D99774001977DFCC00DBEF35 /* ATDEditMemoViewController.m */; };
		D99774051977EB3800DBEF35 /* ATDPlaceholderTextView.m in Sources */ = {isa = PBXBuildFile; fileRef = D99774041977EB3800DBEF35 /* ATDPlaceholderTextView.m */; };
		D99774111978D51700DBEF35 /* license.html in Resources */ = {isa = PBXBuildFile; fileRef = D997740F1978D51700DBEF35 /* license.html */; };
		D99774121978D51700DBEF35 /* style.css in Resources */ = {isa = PBXBuildFile; fileRef = D99774101978D51700DBEF35 /* style.css */; };
		D9AEEBA81986635D0058AFA7 /* libGoogleAdMobAds.a in Frameworks */ = {isa = PBXBuildFile; fileRef = D9AEEBA71986635D0058AFA7 /* libGoogleAdMobAds.a */; };
		D9AEEBB3198663960058AFA7 /* libAdapterIAd.a in Frameworks */ = {isa = PBXBuildFile; fileRef = D9AEEBB2198663960058AFA7 /* libAdapterIAd.a */; };
		D9AEEBB5198663BD0058AFA7 /* AdSupport.framework in Frameworks */ = {isa = PBXBuildFile; fileRef = D9AEEBB4198663BD0058AFA7 /* AdSupport.framework */; };
		D9AEEBB7198663C20058AFA7 /* AudioToolbox.framework in Frameworks */ = {isa = PBXBuildFile; fileRef = D9AEEBB6198663C20058AFA7 /* AudioToolbox.framework */; };
		D9AEEBB9198663C70058AFA7 /* AVFoundation.framework in Frameworks */ = {isa = PBXBuildFile; fileRef = D9AEEBB8198663C70058AFA7 /* AVFoundation.framework */; };
		D9AEEBBB198663D10058AFA7 /* MessageUI.framework in Frameworks */ = {isa = PBXBuildFile; fileRef = D9AEEBBA198663D10058AFA7 /* MessageUI.framework */; };
		D9AEEBBD198663D50058AFA7 /* StoreKit.framework in Frameworks */ = {isa = PBXBuildFile; fileRef = D9AEEBBC198663D50058AFA7 /* StoreKit.framework */; };
		D9AEEBBF198663DB0058AFA7 /* SystemConfiguration.framework in Frameworks */ = {isa = PBXBuildFile; fileRef = D9AEEBBE198663DB0058AFA7 /* SystemConfiguration.framework */; };
		D9AEEBC1198663E00058AFA7 /* CoreTelephony.framework in Frameworks */ = {isa = PBXBuildFile; fileRef = D9AEEBC0198663E00058AFA7 /* CoreTelephony.framework */; };
		D9AEEBC3198663E40058AFA7 /* iAd.framework in Frameworks */ = {isa = PBXBuildFile; fileRef = D9AEEBC2198663E40058AFA7 /* iAd.framework */; };
		D9AEEBC5198663E80058AFA7 /* Security.framework in Frameworks */ = {isa = PBXBuildFile; fileRef = D9AEEBC4198663E80058AFA7 /* Security.framework */; };
		D9AEEBCF19876A960058AFA7 /* libNendAd.a in Frameworks */ = {isa = PBXBuildFile; fileRef = D9AEEBCA19876A960058AFA7 /* libNendAd.a */; };
		D9AEEBD119876AA00058AFA7 /* libAdapterNend.a in Frameworks */ = {isa = PBXBuildFile; fileRef = D9AEEBD019876AA00058AFA7 /* libAdapterNend.a */; };
		D9AEEBD91987BFF90058AFA7 /* ATDTutorialView.m in Sources */ = {isa = PBXBuildFile; fileRef = D9AEEBD81987BFF90058AFA7 /* ATDTutorialView.m */; };
		D9AEEBDB1987C0070058AFA7 /* ATDTutorialView.xib in Resources */ = {isa = PBXBuildFile; fileRef = D9AEEBDA1987C0070058AFA7 /* ATDTutorialView.xib */; };
		D9AEEBE01987C3290058AFA7 /* ATDTutorialFirstView.xib in Resources */ = {isa = PBXBuildFile; fileRef = D9AEEBDF1987C3290058AFA7 /* ATDTutorialFirstView.xib */; };
		D9AEEBE21987C4700058AFA7 /* ATDTutorialSecondView.xib in Resources */ = {isa = PBXBuildFile; fileRef = D9AEEBE11987C4700058AFA7 /* ATDTutorialSecondView.xib */; };
		D9AEEBE41987C4900058AFA7 /* ATDTutorialThirdView.xib in Resources */ = {isa = PBXBuildFile; fileRef = D9AEEBE31987C4900058AFA7 /* ATDTutorialThirdView.xib */; };
		D9AEEBE61987C4CA0058AFA7 /* ATDTutorialFinalView.xib in Resources */ = {isa = PBXBuildFile; fileRef = D9AEEBE51987C4CA0058AFA7 /* ATDTutorialFinalView.xib */; };
		D9AEEBE91987CDA40058AFA7 /* ATDTutorialFinalView.m in Sources */ = {isa = PBXBuildFile; fileRef = D9AEEBE81987CDA40058AFA7 /* ATDTutorialFinalView.m */; };
		D9CD7F2C1982176B00293F37 /* ATDPlaceSearchCell.xib in Resources */ = {isa = PBXBuildFile; fileRef = D9CD7F2B1982176B00293F37 /* ATDPlaceSearchCell.xib */; };
		D9CD7F3F1986061300293F37 /* LicenseViewController.m in Sources */ = {isa = PBXBuildFile; fileRef = D9CD7F3D1986061300293F37 /* LicenseViewController.m */; };
		D9CD7F401986061300293F37 /* LicenseViewController.xib in Resources */ = {isa = PBXBuildFile; fileRef = D9CD7F3E1986061300293F37 /* LicenseViewController.xib */; };
		D9E958651980D2080090BEED /* ATDPlaceSearchCell.m in Sources */ = {isa = PBXBuildFile; fileRef = D9E958631980D2080090BEED /* ATDPlaceSearchCell.m */; };
/* End PBXBuildFile section */

/* Begin PBXContainerItemProxy section */
		202C662719604D5E00497257 /* PBXContainerItemProxy */ = {
			isa = PBXContainerItemProxy;
			containerPortal = 202C65F919604D5D00497257 /* Project object */;
			proxyType = 1;
			remoteGlobalIDString = 202C660019604D5D00497257;
			remoteInfo = ATODE;
		};
/* End PBXContainerItemProxy section */

/* Begin PBXFileReference section */
		201F041F19699AEE0045AB37 /* ATDPlaceSearchViewController.h */ = {isa = PBXFileReference; fileEncoding = 4; lastKnownFileType = sourcecode.c.h; path = ATDPlaceSearchViewController.h; sourceTree = "<group>"; };
		201F042019699AEE0045AB37 /* ATDPlaceSearchViewController.m */ = {isa = PBXFileReference; fileEncoding = 4; lastKnownFileType = sourcecode.c.objc; path = ATDPlaceSearchViewController.m; sourceTree = "<group>"; };
		201F04221970F9560045AB37 /* ATD4sqPlace.h */ = {isa = PBXFileReference; fileEncoding = 4; lastKnownFileType = sourcecode.c.h; path = ATD4sqPlace.h; sourceTree = "<group>"; };
		201F04231970F9560045AB37 /* ATD4sqPlace.m */ = {isa = PBXFileReference; fileEncoding = 4; lastKnownFileType = sourcecode.c.objc; path = ATD4sqPlace.m; sourceTree = "<group>"; };
		201F04261970FF5B0045AB37 /* fontawesome-webfont.ttf */ = {isa = PBXFileReference; lastKnownFileType = file; path = "fontawesome-webfont.ttf"; sourceTree = "<group>"; };
		201F0428197102750045AB37 /* ATDSettingViewController.h */ = {isa = PBXFileReference; fileEncoding = 4; lastKnownFileType = sourcecode.c.h; path = ATDSettingViewController.h; sourceTree = "<group>"; };
		201F0429197102750045AB37 /* ATDSettingViewController.m */ = {isa = PBXFileReference; fileEncoding = 4; lastKnownFileType = sourcecode.c.objc; path = ATDSettingViewController.m; sourceTree = "<group>"; };
		20223CFB198BD4C800B8C97D /* ATDTutorialStartView.h */ = {isa = PBXFileReference; fileEncoding = 4; lastKnownFileType = sourcecode.c.h; path = ATDTutorialStartView.h; sourceTree = "<group>"; };
		20223CFC198BD4C800B8C97D /* ATDTutorialStartView.m */ = {isa = PBXFileReference; fileEncoding = 4; lastKnownFileType = sourcecode.c.objc; path = ATDTutorialStartView.m; sourceTree = "<group>"; };
		202C660119604D5D00497257 /* ATODE.app */ = {isa = PBXFileReference; explicitFileType = wrapper.application; includeInIndex = 0; path = ATODE.app; sourceTree = BUILT_PRODUCTS_DIR; };
		202C660419604D5D00497257 /* Foundation.framework */ = {isa = PBXFileReference; lastKnownFileType = wrapper.framework; name = Foundation.framework; path = System/Library/Frameworks/Foundation.framework; sourceTree = SDKROOT; };
		202C660619604D5D00497257 /* CoreGraphics.framework */ = {isa = PBXFileReference; lastKnownFileType = wrapper.framework; name = CoreGraphics.framework; path = System/Library/Frameworks/CoreGraphics.framework; sourceTree = SDKROOT; };
		202C660819604D5D00497257 /* UIKit.framework */ = {isa = PBXFileReference; lastKnownFileType = wrapper.framework; name = UIKit.framework; path = System/Library/Frameworks/UIKit.framework; sourceTree = SDKROOT; };
		202C660C19604D5D00497257 /* ATODE-Info.plist */ = {isa = PBXFileReference; lastKnownFileType = text.plist.xml; path = "ATODE-Info.plist"; sourceTree = "<group>"; };
		202C660E19604D5D00497257 /* en */ = {isa = PBXFileReference; lastKnownFileType = text.plist.strings; name = en; path = en.lproj/InfoPlist.strings; sourceTree = "<group>"; };
		202C661019604D5D00497257 /* main.m */ = {isa = PBXFileReference; lastKnownFileType = sourcecode.c.objc; path = main.m; sourceTree = "<group>"; };
		202C661219604D5D00497257 /* ATODE-Prefix.pch */ = {isa = PBXFileReference; lastKnownFileType = sourcecode.c.h; path = "ATODE-Prefix.pch"; sourceTree = "<group>"; };
		202C661319604D5D00497257 /* ATDAppDelegate.h */ = {isa = PBXFileReference; lastKnownFileType = sourcecode.c.h; path = ATDAppDelegate.h; sourceTree = "<group>"; };
		202C661419604D5D00497257 /* ATDAppDelegate.m */ = {isa = PBXFileReference; lastKnownFileType = sourcecode.c.objc; path = ATDAppDelegate.m; sourceTree = "<group>"; };
		202C661919604D5D00497257 /* ATDViewController.h */ = {isa = PBXFileReference; lastKnownFileType = sourcecode.c.h; path = ATDViewController.h; sourceTree = "<group>"; };
		202C661A19604D5D00497257 /* ATDViewController.m */ = {isa = PBXFileReference; lastKnownFileType = sourcecode.c.objc; path = ATDViewController.m; sourceTree = "<group>"; };
		202C661C19604D5D00497257 /* Images.xcassets */ = {isa = PBXFileReference; lastKnownFileType = folder.assetcatalog; path = Images.xcassets; sourceTree = "<group>"; };
		202C662219604D5E00497257 /* ATODETests.xctest */ = {isa = PBXFileReference; explicitFileType = wrapper.cfbundle; includeInIndex = 0; path = ATODETests.xctest; sourceTree = BUILT_PRODUCTS_DIR; };
		202C662319604D5E00497257 /* XCTest.framework */ = {isa = PBXFileReference; lastKnownFileType = wrapper.framework; name = XCTest.framework; path = Library/Frameworks/XCTest.framework; sourceTree = DEVELOPER_DIR; };
		202C663A19678BB400497257 /* ATDPlaceMemo.h */ = {isa = PBXFileReference; fileEncoding = 4; lastKnownFileType = sourcecode.c.h; path = ATDPlaceMemo.h; sourceTree = "<group>"; };
		202C663B19678BB400497257 /* ATDPlaceMemo.m */ = {isa = PBXFileReference; fileEncoding = 4; lastKnownFileType = sourcecode.c.objc; path = ATDPlaceMemo.m; sourceTree = "<group>"; };
		204C158E1989359300CFDCBB /* GAI.h */ = {isa = PBXFileReference; fileEncoding = 4; lastKnownFileType = sourcecode.c.h; path = GAI.h; sourceTree = "<group>"; };
		204C158F1989359300CFDCBB /* GAIDictionaryBuilder.h */ = {isa = PBXFileReference; fileEncoding = 4; lastKnownFileType = sourcecode.c.h; path = GAIDictionaryBuilder.h; sourceTree = "<group>"; };
		204C15901989359300CFDCBB /* GAIEcommerceFields.h */ = {isa = PBXFileReference; fileEncoding = 4; lastKnownFileType = sourcecode.c.h; path = GAIEcommerceFields.h; sourceTree = "<group>"; };
		204C15911989359300CFDCBB /* GAIEcommerceProduct.h */ = {isa = PBXFileReference; fileEncoding = 4; lastKnownFileType = sourcecode.c.h; path = GAIEcommerceProduct.h; sourceTree = "<group>"; };
		204C15921989359300CFDCBB /* GAIEcommerceProductAction.h */ = {isa = PBXFileReference; fileEncoding = 4; lastKnownFileType = sourcecode.c.h; path = GAIEcommerceProductAction.h; sourceTree = "<group>"; };
		204C15931989359300CFDCBB /* GAIEcommercePromotion.h */ = {isa = PBXFileReference; fileEncoding = 4; lastKnownFileType = sourcecode.c.h; path = GAIEcommercePromotion.h; sourceTree = "<group>"; };
		204C15941989359300CFDCBB /* GAIFields.h */ = {isa = PBXFileReference; fileEncoding = 4; lastKnownFileType = sourcecode.c.h; path = GAIFields.h; sourceTree = "<group>"; };
		204C15951989359300CFDCBB /* GAILogger.h */ = {isa = PBXFileReference; fileEncoding = 4; lastKnownFileType = sourcecode.c.h; path = GAILogger.h; sourceTree = "<group>"; };
		204C15961989359300CFDCBB /* GAITrackedViewController.h */ = {isa = PBXFileReference; fileEncoding = 4; lastKnownFileType = sourcecode.c.h; path = GAITrackedViewController.h; sourceTree = "<group>"; };
		204C15971989359300CFDCBB /* GAITracker.h */ = {isa = PBXFileReference; fileEncoding = 4; lastKnownFileType = sourcecode.c.h; path = GAITracker.h; sourceTree = "<group>"; };
		204C1598198935AB00CFDCBB /* libGoogleAnalyticsServices.a */ = {isa = PBXFileReference; lastKnownFileType = archive.ar; path = libGoogleAnalyticsServices.a; sourceTree = "<group>"; };
		204C159A198935D600CFDCBB /* libz.dylib */ = {isa = PBXFileReference; lastKnownFileType = "compiled.mach-o.dylib"; name = libz.dylib; path = usr/lib/libz.dylib; sourceTree = SDKROOT; };
		204C159C198935E700CFDCBB /* CoreData.framework */ = {isa = PBXFileReference; lastKnownFileType = wrapper.framework; name = CoreData.framework; path = System/Library/Frameworks/CoreData.framework; sourceTree = SDKROOT; };
		204C159E1989365600CFDCBB /* libsqlite3.0.dylib */ = {isa = PBXFileReference; lastKnownFileType = "compiled.mach-o.dylib"; name = libsqlite3.0.dylib; path = usr/lib/libsqlite3.0.dylib; sourceTree = SDKROOT; };
		207796941989380800EF3879 /* UIViewController+GAInject.h */ = {isa = PBXFileReference; fileEncoding = 4; lastKnownFileType = sourcecode.c.h; path = "UIViewController+GAInject.h"; sourceTree = "<group>"; };
		207796951989380800EF3879 /* UIViewController+GAInject.m */ = {isa = PBXFileReference; fileEncoding = 4; lastKnownFileType = sourcecode.c.objc; path = "UIViewController+GAInject.m"; sourceTree = "<group>"; };
		2077969919893FF300EF3879 /* CRFilter.h */ = {isa = PBXFileReference; fileEncoding = 4; lastKnownFileType = sourcecode.c.h; path = CRFilter.h; sourceTree = "<group>"; };
		2077969A19893FF300EF3879 /* Crittercism.h */ = {isa = PBXFileReference; fileEncoding = 4; lastKnownFileType = sourcecode.c.h; path = Crittercism.h; sourceTree = "<group>"; };
		2077969B19893FF300EF3879 /* CrittercismDelegate.h */ = {isa = PBXFileReference; fileEncoding = 4; lastKnownFileType = sourcecode.c.h; path = CrittercismDelegate.h; sourceTree = "<group>"; };
		2077969C19893FF300EF3879 /* dsym_upload.sh */ = {isa = PBXFileReference; fileEncoding = 4; lastKnownFileType = text.script.sh; path = dsym_upload.sh; sourceTree = "<group>"; };
		2077969D19893FF300EF3879 /* libCrittercism_v4_3_4.a */ = {isa = PBXFileReference; lastKnownFileType = archive.ar; path = libCrittercism_v4_3_4.a; sourceTree = "<group>"; };
		208131AD19678E8E0094E577 /* ATDPlaceMemoCell.h */ = {isa = PBXFileReference; fileEncoding = 4; lastKnownFileType = sourcecode.c.h; path = ATDPlaceMemoCell.h; sourceTree = "<group>"; };
		208131AE19678E8E0094E577 /* ATDPlaceMemoCell.m */ = {isa = PBXFileReference; fileEncoding = 4; lastKnownFileType = sourcecode.c.objc; path = ATDPlaceMemoCell.m; sourceTree = "<group>"; };
		208131B019678E9B0094E577 /* ATDPlaceMemoCell.xib */ = {isa = PBXFileReference; fileEncoding = 4; lastKnownFileType = file.xib; path = ATDPlaceMemoCell.xib; sourceTree = "<group>"; };
		208131B2196791A70094E577 /* ATDAddViewController.h */ = {isa = PBXFileReference; fileEncoding = 4; lastKnownFileType = sourcecode.c.h; path = ATDAddViewController.h; sourceTree = "<group>"; };
		208131B3196791A70094E577 /* ATDAddViewController.m */ = {isa = PBXFileReference; fileEncoding = 4; lastKnownFileType = sourcecode.c.objc; path = ATDAddViewController.m; sourceTree = "<group>"; };
		208131BA196798BA0094E577 /* ATODE.xcdatamodel */ = {isa = PBXFileReference; lastKnownFileType = wrapper.xcdatamodel; path = ATODE.xcdatamodel; sourceTree = "<group>"; };
		208131BF1967AF2F0094E577 /* ATDCoreDataManger.h */ = {isa = PBXFileReference; fileEncoding = 4; lastKnownFileType = sourcecode.c.h; path = ATDCoreDataManger.h; sourceTree = "<group>"; };
		208131C01967AF2F0094E577 /* ATDCoreDataManger.m */ = {isa = PBXFileReference; fileEncoding = 4; lastKnownFileType = sourcecode.c.objc; path = ATDCoreDataManger.m; sourceTree = "<group>"; };
		209A406D198A8FFB007409B1 /* en */ = {isa = PBXFileReference; lastKnownFileType = text.plist.strings; name = en; path = en.lproj/Localizable.strings; sourceTree = "<group>"; };
		20A0FA4C1972A53B004FA008 /* ATDDetailViewController.h */ = {isa = PBXFileReference; fileEncoding = 4; lastKnownFileType = sourcecode.c.h; path = ATDDetailViewController.h; sourceTree = "<group>"; };
		20A0FA4D1972A53B004FA008 /* ATDDetailViewController.m */ = {isa = PBXFileReference; fileEncoding = 4; lastKnownFileType = sourcecode.c.objc; path = ATDDetailViewController.m; sourceTree = "<group>"; };
		20A0FA521972B0E5004FA008 /* PlaceMemo.h */ = {isa = PBXFileReference; fileEncoding = 4; lastKnownFileType = sourcecode.c.h; path = PlaceMemo.h; sourceTree = "<group>"; };
		20A0FA531972B0E5004FA008 /* PlaceMemo.m */ = {isa = PBXFileReference; fileEncoding = 4; lastKnownFileType = sourcecode.c.objc; path = PlaceMemo.m; sourceTree = "<group>"; };
		20A0FA551972B6B6004FA008 /* MapKit.framework */ = {isa = PBXFileReference; lastKnownFileType = wrapper.framework; name = MapKit.framework; path = System/Library/Frameworks/MapKit.framework; sourceTree = SDKROOT; };
		20A0FA581972D48B004FA008 /* MKMapView+ATDZoomLevel.h */ = {isa = PBXFileReference; fileEncoding = 4; lastKnownFileType = sourcecode.c.h; path = "MKMapView+ATDZoomLevel.h"; sourceTree = "<group>"; };
		20A0FA591972D48B004FA008 /* MKMapView+ATDZoomLevel.m */ = {isa = PBXFileReference; fileEncoding = 4; lastKnownFileType = sourcecode.c.objc; path = "MKMapView+ATDZoomLevel.m"; sourceTree = "<group>"; };
		20A0FA5B1972D5BE004FA008 /* ATDAnnotation.h */ = {isa = PBXFileReference; fileEncoding = 4; lastKnownFileType = sourcecode.c.h; path = ATDAnnotation.h; sourceTree = "<group>"; };
		20A0FA5C1972D5BE004FA008 /* ATDAnnotation.m */ = {isa = PBXFileReference; fileEncoding = 4; lastKnownFileType = sourcecode.c.objc; path = ATDAnnotation.m; sourceTree = "<group>"; };
		20A0FA5E1972F8C7004FA008 /* ATDMapViewController.h */ = {isa = PBXFileReference; fileEncoding = 4; lastKnownFileType = sourcecode.c.h; path = ATDMapViewController.h; sourceTree = "<group>"; };
		20A0FA5F1972F8C7004FA008 /* ATDMapViewController.m */ = {isa = PBXFileReference; fileEncoding = 4; lastKnownFileType = sourcecode.c.objc; path = ATDMapViewController.m; sourceTree = "<group>"; };
		20AA05AF19756967009A1735 /* ATDPhotoCell.h */ = {isa = PBXFileReference; fileEncoding = 4; lastKnownFileType = sourcecode.c.h; path = ATDPhotoCell.h; sourceTree = "<group>"; };
		20AA05B019756967009A1735 /* ATDPhotoCell.m */ = {isa = PBXFileReference; fileEncoding = 4; lastKnownFileType = sourcecode.c.objc; path = ATDPhotoCell.m; sourceTree = "<group>"; };
		20AA05B219756975009A1735 /* ATDPlaceInfoCell.h */ = {isa = PBXFileReference; fileEncoding = 4; lastKnownFileType = sourcecode.c.h; path = ATDPlaceInfoCell.h; sourceTree = "<group>"; };
		20AA05B319756975009A1735 /* ATDPlaceInfoCell.m */ = {isa = PBXFileReference; fileEncoding = 4; lastKnownFileType = sourcecode.c.objc; path = ATDPlaceInfoCell.m; sourceTree = "<group>"; };
		20AA05B519756982009A1735 /* ATDMemoCell.h */ = {isa = PBXFileReference; fileEncoding = 4; lastKnownFileType = sourcecode.c.h; path = ATDMemoCell.h; sourceTree = "<group>"; };
		20AA05B619756982009A1735 /* ATDMemoCell.m */ = {isa = PBXFileReference; fileEncoding = 4; lastKnownFileType = sourcecode.c.objc; path = ATDMemoCell.m; sourceTree = "<group>"; };
		20AA05B81975698E009A1735 /* ATDMapCell.h */ = {isa = PBXFileReference; fileEncoding = 4; lastKnownFileType = sourcecode.c.h; path = ATDMapCell.h; sourceTree = "<group>"; };
		20AA05B91975698E009A1735 /* ATDMapCell.m */ = {isa = PBXFileReference; fileEncoding = 4; lastKnownFileType = sourcecode.c.objc; path = ATDMapCell.m; sourceTree = "<group>"; };
		20AA05BB197569A9009A1735 /* ATDPostDateCell.h */ = {isa = PBXFileReference; fileEncoding = 4; lastKnownFileType = sourcecode.c.h; path = ATDPostDateCell.h; sourceTree = "<group>"; };
		20AA05BC197569A9009A1735 /* ATDPostDateCell.m */ = {isa = PBXFileReference; fileEncoding = 4; lastKnownFileType = sourcecode.c.objc; path = ATDPostDateCell.m; sourceTree = "<group>"; };
		20D64FD5198BBFF1006A6E07 /* ja */ = {isa = PBXFileReference; lastKnownFileType = text.plist.strings; name = ja; path = ja.lproj/Localizable.strings; sourceTree = "<group>"; };
		20D64FD7198BC371006A6E07 /* Base */ = {isa = PBXFileReference; lastKnownFileType = file.storyboard; name = Base; path = Base.lproj/Main.storyboard; sourceTree = "<group>"; };
		20D64FD8198BC380006A6E07 /* ja */ = {isa = PBXFileReference; lastKnownFileType = text.plist.strings; name = ja; path = ja.lproj/Main.strings; sourceTree = "<group>"; };
		20D64FD9198BCF11006A6E07 /* ATDTutorialStartView.xib */ = {isa = PBXFileReference; fileEncoding = 4; lastKnownFileType = file.xib; path = ATDTutorialStartView.xib; sourceTree = "<group>"; };
		D74FAF12D3944CD3976CCA94 /* Pods.xcconfig */ = {isa = PBXFileReference; includeInIndex = 1; lastKnownFileType = text.xcconfig; name = Pods.xcconfig; path = Pods/Pods.xcconfig; sourceTree = "<group>"; };
		D99773F51977825100DBEF35 /* ATDImageViewController.h */ = {isa = PBXFileReference; fileEncoding = 4; lastKnownFileType = sourcecode.c.h; path = ATDImageViewController.h; sourceTree = "<group>"; };
		D99773F61977825100DBEF35 /* ATDImageViewController.m */ = {isa = PBXFileReference; fileEncoding = 4; lastKnownFileType = sourcecode.c.objc; path = ATDImageViewController.m; sourceTree = "<group>"; };
		D99773FF1977DFCC00DBEF35 /* ATDEditMemoViewController.h */ = {isa = PBXFileReference; fileEncoding = 4; lastKnownFileType = sourcecode.c.h; path = ATDEditMemoViewController.h; sourceTree = "<group>"; };
		D99774001977DFCC00DBEF35 /* ATDEditMemoViewController.m */ = {isa = PBXFileReference; fileEncoding = 4; lastKnownFileType = sourcecode.c.objc; path = ATDEditMemoViewController.m; sourceTree = "<group>"; };
		D99774031977EB3800DBEF35 /* ATDPlaceholderTextView.h */ = {isa = PBXFileReference; fileEncoding = 4; lastKnownFileType = sourcecode.c.h; path = ATDPlaceholderTextView.h; sourceTree = "<group>"; };
		D99774041977EB3800DBEF35 /* ATDPlaceholderTextView.m */ = {isa = PBXFileReference; fileEncoding = 4; lastKnownFileType = sourcecode.c.objc; path = ATDPlaceholderTextView.m; sourceTree = "<group>"; };
		D997740F1978D51700DBEF35 /* license.html */ = {isa = PBXFileReference; fileEncoding = 4; lastKnownFileType = text.html; path = license.html; sourceTree = "<group>"; };
		D99774101978D51700DBEF35 /* style.css */ = {isa = PBXFileReference; fileEncoding = 4; lastKnownFileType = text.css; path = style.css; sourceTree = "<group>"; };
		D9AEEB9E1986635D0058AFA7 /* GADAdMobExtras.h */ = {isa = PBXFileReference; fileEncoding = 4; lastKnownFileType = sourcecode.c.h; path = GADAdMobExtras.h; sourceTree = "<group>"; };
		D9AEEB9F1986635D0058AFA7 /* GADAdNetworkExtras.h */ = {isa = PBXFileReference; fileEncoding = 4; lastKnownFileType = sourcecode.c.h; path = GADAdNetworkExtras.h; sourceTree = "<group>"; };
		D9AEEBA01986635D0058AFA7 /* GADAdSize.h */ = {isa = PBXFileReference; fileEncoding = 4; lastKnownFileType = sourcecode.c.h; path = GADAdSize.h; sourceTree = "<group>"; };
		D9AEEBA11986635D0058AFA7 /* GADBannerView.h */ = {isa = PBXFileReference; fileEncoding = 4; lastKnownFileType = sourcecode.c.h; path = GADBannerView.h; sourceTree = "<group>"; };
		D9AEEBA21986635D0058AFA7 /* GADBannerViewDelegate.h */ = {isa = PBXFileReference; fileEncoding = 4; lastKnownFileType = sourcecode.c.h; path = GADBannerViewDelegate.h; sourceTree = "<group>"; };
		D9AEEBA31986635D0058AFA7 /* GADInterstitial.h */ = {isa = PBXFileReference; fileEncoding = 4; lastKnownFileType = sourcecode.c.h; path = GADInterstitial.h; sourceTree = "<group>"; };
		D9AEEBA41986635D0058AFA7 /* GADInterstitialDelegate.h */ = {isa = PBXFileReference; fileEncoding = 4; lastKnownFileType = sourcecode.c.h; path = GADInterstitialDelegate.h; sourceTree = "<group>"; };
		D9AEEBA51986635D0058AFA7 /* GADRequest.h */ = {isa = PBXFileReference; fileEncoding = 4; lastKnownFileType = sourcecode.c.h; path = GADRequest.h; sourceTree = "<group>"; };
		D9AEEBA61986635D0058AFA7 /* GADRequestError.h */ = {isa = PBXFileReference; fileEncoding = 4; lastKnownFileType = sourcecode.c.h; path = GADRequestError.h; sourceTree = "<group>"; };
		D9AEEBA71986635D0058AFA7 /* libGoogleAdMobAds.a */ = {isa = PBXFileReference; lastKnownFileType = archive.ar; path = libGoogleAdMobAds.a; sourceTree = "<group>"; };
		D9AEEBAB1986637A0058AFA7 /* GADCustomEventBanner.h */ = {isa = PBXFileReference; fileEncoding = 4; lastKnownFileType = sourcecode.c.h; path = GADCustomEventBanner.h; sourceTree = "<group>"; };
		D9AEEBAC1986637A0058AFA7 /* GADCustomEventBannerDelegate.h */ = {isa = PBXFileReference; fileEncoding = 4; lastKnownFileType = sourcecode.c.h; path = GADCustomEventBannerDelegate.h; sourceTree = "<group>"; };
		D9AEEBAD1986637A0058AFA7 /* GADCustomEventExtras.h */ = {isa = PBXFileReference; fileEncoding = 4; lastKnownFileType = sourcecode.c.h; path = GADCustomEventExtras.h; sourceTree = "<group>"; };
		D9AEEBAE1986637A0058AFA7 /* GADCustomEventInterstitial.h */ = {isa = PBXFileReference; fileEncoding = 4; lastKnownFileType = sourcecode.c.h; path = GADCustomEventInterstitial.h; sourceTree = "<group>"; };
		D9AEEBAF1986637A0058AFA7 /* GADCustomEventInterstitialDelegate.h */ = {isa = PBXFileReference; fileEncoding = 4; lastKnownFileType = sourcecode.c.h; path = GADCustomEventInterstitialDelegate.h; sourceTree = "<group>"; };
		D9AEEBB01986637A0058AFA7 /* GADCustomEventRequest.h */ = {isa = PBXFileReference; fileEncoding = 4; lastKnownFileType = sourcecode.c.h; path = GADCustomEventRequest.h; sourceTree = "<group>"; };
		D9AEEBB2198663960058AFA7 /* libAdapterIAd.a */ = {isa = PBXFileReference; lastKnownFileType = archive.ar; path = libAdapterIAd.a; sourceTree = "<group>"; };
		D9AEEBB4198663BD0058AFA7 /* AdSupport.framework */ = {isa = PBXFileReference; lastKnownFileType = wrapper.framework; name = AdSupport.framework; path = System/Library/Frameworks/AdSupport.framework; sourceTree = SDKROOT; };
		D9AEEBB6198663C20058AFA7 /* AudioToolbox.framework */ = {isa = PBXFileReference; lastKnownFileType = wrapper.framework; name = AudioToolbox.framework; path = System/Library/Frameworks/AudioToolbox.framework; sourceTree = SDKROOT; };
		D9AEEBB8198663C70058AFA7 /* AVFoundation.framework */ = {isa = PBXFileReference; lastKnownFileType = wrapper.framework; name = AVFoundation.framework; path = System/Library/Frameworks/AVFoundation.framework; sourceTree = SDKROOT; };
		D9AEEBBA198663D10058AFA7 /* MessageUI.framework */ = {isa = PBXFileReference; lastKnownFileType = wrapper.framework; name = MessageUI.framework; path = System/Library/Frameworks/MessageUI.framework; sourceTree = SDKROOT; };
		D9AEEBBC198663D50058AFA7 /* StoreKit.framework */ = {isa = PBXFileReference; lastKnownFileType = wrapper.framework; name = StoreKit.framework; path = System/Library/Frameworks/StoreKit.framework; sourceTree = SDKROOT; };
		D9AEEBBE198663DB0058AFA7 /* SystemConfiguration.framework */ = {isa = PBXFileReference; lastKnownFileType = wrapper.framework; name = SystemConfiguration.framework; path = System/Library/Frameworks/SystemConfiguration.framework; sourceTree = SDKROOT; };
		D9AEEBC0198663E00058AFA7 /* CoreTelephony.framework */ = {isa = PBXFileReference; lastKnownFileType = wrapper.framework; name = CoreTelephony.framework; path = System/Library/Frameworks/CoreTelephony.framework; sourceTree = SDKROOT; };
		D9AEEBC2198663E40058AFA7 /* iAd.framework */ = {isa = PBXFileReference; lastKnownFileType = wrapper.framework; name = iAd.framework; path = System/Library/Frameworks/iAd.framework; sourceTree = SDKROOT; };
		D9AEEBC4198663E80058AFA7 /* Security.framework */ = {isa = PBXFileReference; lastKnownFileType = wrapper.framework; name = Security.framework; path = System/Library/Frameworks/Security.framework; sourceTree = SDKROOT; };
		D9AEEBC6198665220058AFA7 /* GADModules.h */ = {isa = PBXFileReference; fileEncoding = 4; lastKnownFileType = sourcecode.c.h; path = GADModules.h; sourceTree = "<group>"; };
		D9AEEBC71986653E0058AFA7 /* GADInAppPurchase.h */ = {isa = PBXFileReference; fileEncoding = 4; lastKnownFileType = sourcecode.c.h; path = GADInAppPurchase.h; sourceTree = "<group>"; };
		D9AEEBC81986653E0058AFA7 /* GADInAppPurchaseDelegate.h */ = {isa = PBXFileReference; fileEncoding = 4; lastKnownFileType = sourcecode.c.h; path = GADInAppPurchaseDelegate.h; sourceTree = "<group>"; };
		D9AEEBCA19876A960058AFA7 /* libNendAd.a */ = {isa = PBXFileReference; lastKnownFileType = archive.ar; path = libNendAd.a; sourceTree = "<group>"; };
		D9AEEBCB19876A960058AFA7 /* NADIconArrayView.h */ = {isa = PBXFileReference; fileEncoding = 4; lastKnownFileType = sourcecode.c.h; path = NADIconArrayView.h; sourceTree = "<group>"; };
		D9AEEBCC19876A960058AFA7 /* NADIconLoader.h */ = {isa = PBXFileReference; fileEncoding = 4; lastKnownFileType = sourcecode.c.h; path = NADIconLoader.h; sourceTree = "<group>"; };
		D9AEEBCD19876A960058AFA7 /* NADIconView.h */ = {isa = PBXFileReference; fileEncoding = 4; lastKnownFileType = sourcecode.c.h; path = NADIconView.h; sourceTree = "<group>"; };
		D9AEEBCE19876A960058AFA7 /* NADView.h */ = {isa = PBXFileReference; fileEncoding = 4; lastKnownFileType = sourcecode.c.h; path = NADView.h; sourceTree = "<group>"; };
		D9AEEBD019876AA00058AFA7 /* libAdapterNend.a */ = {isa = PBXFileReference; lastKnownFileType = archive.ar; path = libAdapterNend.a; sourceTree = "<group>"; };
		D9AEEBD71987BFF90058AFA7 /* ATDTutorialView.h */ = {isa = PBXFileReference; fileEncoding = 4; lastKnownFileType = sourcecode.c.h; path = ATDTutorialView.h; sourceTree = "<group>"; };
		D9AEEBD81987BFF90058AFA7 /* ATDTutorialView.m */ = {isa = PBXFileReference; fileEncoding = 4; lastKnownFileType = sourcecode.c.objc; path = ATDTutorialView.m; sourceTree = "<group>"; };
		D9AEEBDA1987C0070058AFA7 /* ATDTutorialView.xib */ = {isa = PBXFileReference; fileEncoding = 4; lastKnownFileType = file.xib; path = ATDTutorialView.xib; sourceTree = "<group>"; };
		D9AEEBDF1987C3290058AFA7 /* ATDTutorialFirstView.xib */ = {isa = PBXFileReference; fileEncoding = 4; lastKnownFileType = file.xib; path = ATDTutorialFirstView.xib; sourceTree = "<group>"; };
		D9AEEBE11987C4700058AFA7 /* ATDTutorialSecondView.xib */ = {isa = PBXFileReference; fileEncoding = 4; lastKnownFileType = file.xib; path = ATDTutorialSecondView.xib; sourceTree = "<group>"; };
		D9AEEBE31987C4900058AFA7 /* ATDTutorialThirdView.xib */ = {isa = PBXFileReference; fileEncoding = 4; lastKnownFileType = file.xib; path = ATDTutorialThirdView.xib; sourceTree = "<group>"; };
		D9AEEBE51987C4CA0058AFA7 /* ATDTutorialFinalView.xib */ = {isa = PBXFileReference; fileEncoding = 4; lastKnownFileType = file.xib; path = ATDTutorialFinalView.xib; sourceTree = "<group>"; };
		D9AEEBE71987CDA40058AFA7 /* ATDTutorialFinalView.h */ = {isa = PBXFileReference; fileEncoding = 4; lastKnownFileType = sourcecode.c.h; path = ATDTutorialFinalView.h; sourceTree = "<group>"; };
		D9AEEBE81987CDA40058AFA7 /* ATDTutorialFinalView.m */ = {isa = PBXFileReference; fileEncoding = 4; lastKnownFileType = sourcecode.c.objc; path = ATDTutorialFinalView.m; sourceTree = "<group>"; };
		D9CD7F2B1982176B00293F37 /* ATDPlaceSearchCell.xib */ = {isa = PBXFileReference; fileEncoding = 4; lastKnownFileType = file.xib; path = ATDPlaceSearchCell.xib; sourceTree = "<group>"; };
		D9CD7F3C1986061300293F37 /* LicenseViewController.h */ = {isa = PBXFileReference; fileEncoding = 4; lastKnownFileType = sourcecode.c.h; path = LicenseViewController.h; sourceTree = "<group>"; };
		D9CD7F3D1986061300293F37 /* LicenseViewController.m */ = {isa = PBXFileReference; fileEncoding = 4; lastKnownFileType = sourcecode.c.objc; path = LicenseViewController.m; sourceTree = "<group>"; };
		D9CD7F3E1986061300293F37 /* LicenseViewController.xib */ = {isa = PBXFileReference; fileEncoding = 4; lastKnownFileType = file.xib; path = LicenseViewController.xib; sourceTree = "<group>"; };
		D9E958621980D2080090BEED /* ATDPlaceSearchCell.h */ = {isa = PBXFileReference; fileEncoding = 4; lastKnownFileType = sourcecode.c.h; path = ATDPlaceSearchCell.h; sourceTree = "<group>"; };
		D9E958631980D2080090BEED /* ATDPlaceSearchCell.m */ = {isa = PBXFileReference; fileEncoding = 4; lastKnownFileType = sourcecode.c.objc; path = ATDPlaceSearchCell.m; sourceTree = "<group>"; };
		E43CBDEB2F3F49CA98E99DC4 /* libPods.a */ = {isa = PBXFileReference; explicitFileType = archive.ar; includeInIndex = 0; path = libPods.a; sourceTree = BUILT_PRODUCTS_DIR; };
/* End PBXFileReference section */

/* Begin PBXFrameworksBuildPhase section */
		202C65FE19604D5D00497257 /* Frameworks */ = {
			isa = PBXFrameworksBuildPhase;
			buildActionMask = 2147483647;
			files = (
				204C159F1989365600CFDCBB /* libsqlite3.0.dylib in Frameworks */,
				D9AEEBB5198663BD0058AFA7 /* AdSupport.framework in Frameworks */,
				204C159D198935E700CFDCBB /* CoreData.framework in Frameworks */,
				D9AEEBBF198663DB0058AFA7 /* SystemConfiguration.framework in Frameworks */,
				204C159B198935D600CFDCBB /* libz.dylib in Frameworks */,
				D9AEEBC5198663E80058AFA7 /* Security.framework in Frameworks */,
				D9AEEBC3198663E40058AFA7 /* iAd.framework in Frameworks */,
				D9AEEBC1198663E00058AFA7 /* CoreTelephony.framework in Frameworks */,
				D9AEEBBD198663D50058AFA7 /* StoreKit.framework in Frameworks */,
				2077969F19893FF300EF3879 /* libCrittercism_v4_3_4.a in Frameworks */,
				D9AEEBBB198663D10058AFA7 /* MessageUI.framework in Frameworks */,
				202C660719604D5D00497257 /* CoreGraphics.framework in Frameworks */,
				D9AEEBB9198663C70058AFA7 /* AVFoundation.framework in Frameworks */,
				D9AEEBD119876AA00058AFA7 /* libAdapterNend.a in Frameworks */,
				D9AEEBB7198663C20058AFA7 /* AudioToolbox.framework in Frameworks */,
				D9AEEBCF19876A960058AFA7 /* libNendAd.a in Frameworks */,
				20A0FA561972B6B6004FA008 /* MapKit.framework in Frameworks */,
				D9AEEBB3198663960058AFA7 /* libAdapterIAd.a in Frameworks */,
				204C1599198935AB00CFDCBB /* libGoogleAnalyticsServices.a in Frameworks */,
				202C660919604D5D00497257 /* UIKit.framework in Frameworks */,
				202C660519604D5D00497257 /* Foundation.framework in Frameworks */,
				BADD391C7A8C4D6FBB1C5F1C /* libPods.a in Frameworks */,
				D9AEEBA81986635D0058AFA7 /* libGoogleAdMobAds.a in Frameworks */,
			);
			runOnlyForDeploymentPostprocessing = 0;
		};
		202C661F19604D5E00497257 /* Frameworks */ = {
			isa = PBXFrameworksBuildPhase;
			buildActionMask = 2147483647;
			files = (
				202C662419604D5E00497257 /* XCTest.framework in Frameworks */,
				202C662619604D5E00497257 /* UIKit.framework in Frameworks */,
				202C662519604D5E00497257 /* Foundation.framework in Frameworks */,
			);
			runOnlyForDeploymentPostprocessing = 0;
		};
/* End PBXFrameworksBuildPhase section */

/* Begin PBXGroup section */
		201F04251970FF500045AB37 /* Resources */ = {
			isa = PBXGroup;
			children = (
				201F04261970FF5B0045AB37 /* fontawesome-webfont.ttf */,
			);
			name = Resources;
			sourceTree = "<group>";
		};
		202C65F819604D5D00497257 = {
			isa = PBXGroup;
			children = (
				202C660A19604D5D00497257 /* ATODE */,
				202C660319604D5D00497257 /* Frameworks */,
				202C660219604D5D00497257 /* Products */,
				D74FAF12D3944CD3976CCA94 /* Pods.xcconfig */,
			);
			sourceTree = "<group>";
		};
		202C660219604D5D00497257 /* Products */ = {
			isa = PBXGroup;
			children = (
				202C660119604D5D00497257 /* ATODE.app */,
				202C662219604D5E00497257 /* ATODETests.xctest */,
			);
			name = Products;
			sourceTree = "<group>";
		};
		202C660319604D5D00497257 /* Frameworks */ = {
			isa = PBXGroup;
			children = (
				204C159E1989365600CFDCBB /* libsqlite3.0.dylib */,
				204C159C198935E700CFDCBB /* CoreData.framework */,
				204C159A198935D600CFDCBB /* libz.dylib */,
				D9AEEBC4198663E80058AFA7 /* Security.framework */,
				D9AEEBC2198663E40058AFA7 /* iAd.framework */,
				D9AEEBC0198663E00058AFA7 /* CoreTelephony.framework */,
				D9AEEBBE198663DB0058AFA7 /* SystemConfiguration.framework */,
				D9AEEBBC198663D50058AFA7 /* StoreKit.framework */,
				D9AEEBBA198663D10058AFA7 /* MessageUI.framework */,
				D9AEEBB8198663C70058AFA7 /* AVFoundation.framework */,
				D9AEEBB6198663C20058AFA7 /* AudioToolbox.framework */,
				D9AEEBB4198663BD0058AFA7 /* AdSupport.framework */,
				20A0FA551972B6B6004FA008 /* MapKit.framework */,
				202C660419604D5D00497257 /* Foundation.framework */,
				202C660619604D5D00497257 /* CoreGraphics.framework */,
				202C660819604D5D00497257 /* UIKit.framework */,
				202C662319604D5E00497257 /* XCTest.framework */,
				E43CBDEB2F3F49CA98E99DC4 /* libPods.a */,
			);
			name = Frameworks;
			sourceTree = "<group>";
		};
		202C660A19604D5D00497257 /* ATODE */ = {
			isa = PBXGroup;
			children = (
				D9AEEBD61987BFDF0058AFA7 /* Tutorial */,
				D99774021977EB2100DBEF35 /* Library */,
				20A0FA571972D470004FA008 /* Category */,
				201F04251970FF500045AB37 /* Resources */,
				208131B51967987A0094E577 /* Data */,
				202C663E19678C9E00497257 /* ViewController */,
				202C663D19678C9600497257 /* View */,
				202C663919678B3D00497257 /* Model */,
				202C661319604D5D00497257 /* ATDAppDelegate.h */,
				202C661419604D5D00497257 /* ATDAppDelegate.m */,
				202C661619604D5D00497257 /* Main.storyboard */,
				202C661C19604D5D00497257 /* Images.xcassets */,
				202C660B19604D5D00497257 /* Supporting Files */,
			);
			path = ATODE;
			sourceTree = "<group>";
		};
		202C660B19604D5D00497257 /* Supporting Files */ = {
			isa = PBXGroup;
			children = (
				202C660C19604D5D00497257 /* ATODE-Info.plist */,
				202C660D19604D5D00497257 /* InfoPlist.strings */,
				202C661019604D5D00497257 /* main.m */,
				202C661219604D5D00497257 /* ATODE-Prefix.pch */,
				209A406E198A8FFB007409B1 /* Localizable.strings */,
			);
			name = "Supporting Files";
			sourceTree = "<group>";
		};
		202C663919678B3D00497257 /* Model */ = {
			isa = PBXGroup;
			children = (
				202C663A19678BB400497257 /* ATDPlaceMemo.h */,
				202C663B19678BB400497257 /* ATDPlaceMemo.m */,
				201F04221970F9560045AB37 /* ATD4sqPlace.h */,
				201F04231970F9560045AB37 /* ATD4sqPlace.m */,
			);
			name = Model;
			sourceTree = "<group>";
		};
		202C663D19678C9600497257 /* View */ = {
			isa = PBXGroup;
			children = (
				D9E958611980D1EC0090BEED /* Add */,
				20AA05AE1975694D009A1735 /* DetailCell */,
				208131AD19678E8E0094E577 /* ATDPlaceMemoCell.h */,
				208131AE19678E8E0094E577 /* ATDPlaceMemoCell.m */,
				208131B019678E9B0094E577 /* ATDPlaceMemoCell.xib */,
				20A0FA5B1972D5BE004FA008 /* ATDAnnotation.h */,
				20A0FA5C1972D5BE004FA008 /* ATDAnnotation.m */,
			);
			name = View;
			sourceTree = "<group>";
		};
		202C663E19678C9E00497257 /* ViewController */ = {
			isa = PBXGroup;
			children = (
				20A0FA64197300E0004FA008 /* Detail */,
				20A0FA63197300D6004FA008 /* Add */,
				20A0FA62197300CB004FA008 /* Top */,
				20A0FA61197300C4004FA008 /* Setting */,
			);
			name = ViewController;
			sourceTree = "<group>";
		};
		204C158D1989358200CFDCBB /* Analytics */ = {
			isa = PBXGroup;
			children = (
				204C1598198935AB00CFDCBB /* libGoogleAnalyticsServices.a */,
				204C158E1989359300CFDCBB /* GAI.h */,
				204C158F1989359300CFDCBB /* GAIDictionaryBuilder.h */,
				204C15901989359300CFDCBB /* GAIEcommerceFields.h */,
				204C15911989359300CFDCBB /* GAIEcommerceProduct.h */,
				204C15921989359300CFDCBB /* GAIEcommerceProductAction.h */,
				204C15931989359300CFDCBB /* GAIEcommercePromotion.h */,
				204C15941989359300CFDCBB /* GAIFields.h */,
				204C15951989359300CFDCBB /* GAILogger.h */,
				204C15961989359300CFDCBB /* GAITrackedViewController.h */,
				204C15971989359300CFDCBB /* GAITracker.h */,
			);
			name = Analytics;
			sourceTree = "<group>";
		};
		20658560198CE585002D5CDA /* Category */ = {
			isa = PBXGroup;
			children = (
			);
			name = Category;
			sourceTree = "<group>";
		};
		2077969719893FEB00EF3879 /* Crash */ = {
			isa = PBXGroup;
			children = (
				2077969819893FF300EF3879 /* CrittercismSDK */,
			);
			name = Crash;
			sourceTree = "<group>";
		};
		2077969819893FF300EF3879 /* CrittercismSDK */ = {
			isa = PBXGroup;
			children = (
				2077969919893FF300EF3879 /* CRFilter.h */,
				2077969A19893FF300EF3879 /* Crittercism.h */,
				2077969B19893FF300EF3879 /* CrittercismDelegate.h */,
				2077969C19893FF300EF3879 /* dsym_upload.sh */,
				2077969D19893FF300EF3879 /* libCrittercism_v4_3_4.a */,
			);
			path = CrittercismSDK;
			sourceTree = "<group>";
		};
		208131B51967987A0094E577 /* Data */ = {
			isa = PBXGroup;
			children = (
				208131B9196798BA0094E577 /* ATODE.xcdatamodeld */,
				20A0FA521972B0E5004FA008 /* PlaceMemo.h */,
				20A0FA531972B0E5004FA008 /* PlaceMemo.m */,
				208131BF1967AF2F0094E577 /* ATDCoreDataManger.h */,
				208131C01967AF2F0094E577 /* ATDCoreDataManger.m */,
			);
			name = Data;
			sourceTree = "<group>";
		};
		20A0FA571972D470004FA008 /* Category */ = {
			isa = PBXGroup;
			children = (
				20A0FA581972D48B004FA008 /* MKMapView+ATDZoomLevel.h */,
				20A0FA591972D48B004FA008 /* MKMapView+ATDZoomLevel.m */,
				207796941989380800EF3879 /* UIViewController+GAInject.h */,
				207796951989380800EF3879 /* UIViewController+GAInject.m */,
			);
			name = Category;
			sourceTree = "<group>";
		};
		20A0FA61197300C4004FA008 /* Setting */ = {
			isa = PBXGroup;
			children = (
				201F0428197102750045AB37 /* ATDSettingViewController.h */,
				201F0429197102750045AB37 /* ATDSettingViewController.m */,
			);
			name = Setting;
			sourceTree = "<group>";
		};
		20A0FA62197300CB004FA008 /* Top */ = {
			isa = PBXGroup;
			children = (
				202C661919604D5D00497257 /* ATDViewController.h */,
				202C661A19604D5D00497257 /* ATDViewController.m */,
			);
			name = Top;
			sourceTree = "<group>";
		};
		20A0FA63197300D6004FA008 /* Add */ = {
			isa = PBXGroup;
			children = (
				208131B2196791A70094E577 /* ATDAddViewController.h */,
				208131B3196791A70094E577 /* ATDAddViewController.m */,
				201F041F19699AEE0045AB37 /* ATDPlaceSearchViewController.h */,
				201F042019699AEE0045AB37 /* ATDPlaceSearchViewController.m */,
			);
			name = Add;
			sourceTree = "<group>";
		};
		20A0FA64197300E0004FA008 /* Detail */ = {
			isa = PBXGroup;
			children = (
				D99773FE1977DFC000DBEF35 /* Edit */,
				D99773FA1977D94F00DBEF35 /* Image */,
				D99773F81977D94400DBEF35 /* Map */,
				20A0FA4C1972A53B004FA008 /* ATDDetailViewController.h */,
				20A0FA4D1972A53B004FA008 /* ATDDetailViewController.m */,
			);
			name = Detail;
			sourceTree = "<group>";
		};
		20AA05AE1975694D009A1735 /* DetailCell */ = {
			isa = PBXGroup;
			children = (
				20AA05AF19756967009A1735 /* ATDPhotoCell.h */,
				20AA05B019756967009A1735 /* ATDPhotoCell.m */,
				20AA05B219756975009A1735 /* ATDPlaceInfoCell.h */,
				20AA05B319756975009A1735 /* ATDPlaceInfoCell.m */,
				20AA05B519756982009A1735 /* ATDMemoCell.h */,
				20AA05B619756982009A1735 /* ATDMemoCell.m */,
				20AA05B81975698E009A1735 /* ATDMapCell.h */,
				20AA05B91975698E009A1735 /* ATDMapCell.m */,
				20AA05BB197569A9009A1735 /* ATDPostDateCell.h */,
				20AA05BC197569A9009A1735 /* ATDPostDateCell.m */,
			);
			name = DetailCell;
			sourceTree = "<group>";
		};
		D99773F81977D94400DBEF35 /* Map */ = {
			isa = PBXGroup;
			children = (
				20A0FA5E1972F8C7004FA008 /* ATDMapViewController.h */,
				20A0FA5F1972F8C7004FA008 /* ATDMapViewController.m */,
			);
			name = Map;
			sourceTree = "<group>";
		};
		D99773FA1977D94F00DBEF35 /* Image */ = {
			isa = PBXGroup;
			children = (
				D99773F51977825100DBEF35 /* ATDImageViewController.h */,
				D99773F61977825100DBEF35 /* ATDImageViewController.m */,
			);
			name = Image;
			sourceTree = "<group>";
		};
		D99773FE1977DFC000DBEF35 /* Edit */ = {
			isa = PBXGroup;
			children = (
				D99773FF1977DFCC00DBEF35 /* ATDEditMemoViewController.h */,
				D99774001977DFCC00DBEF35 /* ATDEditMemoViewController.m */,
			);
			name = Edit;
			sourceTree = "<group>";
		};
		D99774021977EB2100DBEF35 /* Library */ = {
			isa = PBXGroup;
			children = (
				20658560198CE585002D5CDA /* Category */,
				2077969719893FEB00EF3879 /* Crash */,
				204C158D1989358200CFDCBB /* Analytics */,
				D9AEEB9D198663220058AFA7 /* AdLibrary */,
				D99774031977EB3800DBEF35 /* ATDPlaceholderTextView.h */,
				D99774041977EB3800DBEF35 /* ATDPlaceholderTextView.m */,
				D9CD7F3C1986061300293F37 /* LicenseViewController.h */,
				D9CD7F3D1986061300293F37 /* LicenseViewController.m */,
				D9CD7F3E1986061300293F37 /* LicenseViewController.xib */,
				D997740E1978D50700DBEF35 /* license */,
			);
			name = Library;
			sourceTree = "<group>";
		};
		D997740E1978D50700DBEF35 /* license */ = {
			isa = PBXGroup;
			children = (
				D997740F1978D51700DBEF35 /* license.html */,
				D99774101978D51700DBEF35 /* style.css */,
			);
			name = license;
			sourceTree = "<group>";
		};
		D9AEEB9D198663220058AFA7 /* AdLibrary */ = {
			isa = PBXGroup;
			children = (
				D9AEEBC919876A770058AFA7 /* Nend */,
				D9AEEBB11986638E0058AFA7 /* iAd */,
				D9AEEBA9198663600058AFA7 /* AdMob */,
			);
			name = AdLibrary;
			sourceTree = "<group>";
		};
		D9AEEBA9198663600058AFA7 /* AdMob */ = {
			isa = PBXGroup;
			children = (
				D9AEEBAA1986637A0058AFA7 /* Mediation */,
				D9AEEB9E1986635D0058AFA7 /* GADAdMobExtras.h */,
				D9AEEB9F1986635D0058AFA7 /* GADAdNetworkExtras.h */,
				D9AEEBA01986635D0058AFA7 /* GADAdSize.h */,
				D9AEEBA11986635D0058AFA7 /* GADBannerView.h */,
				D9AEEBA21986635D0058AFA7 /* GADBannerViewDelegate.h */,
				D9AEEBC71986653E0058AFA7 /* GADInAppPurchase.h */,
				D9AEEBC81986653E0058AFA7 /* GADInAppPurchaseDelegate.h */,
				D9AEEBA31986635D0058AFA7 /* GADInterstitial.h */,
				D9AEEBA41986635D0058AFA7 /* GADInterstitialDelegate.h */,
				D9AEEBC6198665220058AFA7 /* GADModules.h */,
				D9AEEBA51986635D0058AFA7 /* GADRequest.h */,
				D9AEEBA61986635D0058AFA7 /* GADRequestError.h */,
				D9AEEBA71986635D0058AFA7 /* libGoogleAdMobAds.a */,
			);
			name = AdMob;
			sourceTree = "<group>";
		};
		D9AEEBAA1986637A0058AFA7 /* Mediation */ = {
			isa = PBXGroup;
			children = (
				D9AEEBAB1986637A0058AFA7 /* GADCustomEventBanner.h */,
				D9AEEBAC1986637A0058AFA7 /* GADCustomEventBannerDelegate.h */,
				D9AEEBAD1986637A0058AFA7 /* GADCustomEventExtras.h */,
				D9AEEBAE1986637A0058AFA7 /* GADCustomEventInterstitial.h */,
				D9AEEBAF1986637A0058AFA7 /* GADCustomEventInterstitialDelegate.h */,
				D9AEEBB01986637A0058AFA7 /* GADCustomEventRequest.h */,
			);
			path = Mediation;
			sourceTree = "<group>";
		};
		D9AEEBB11986638E0058AFA7 /* iAd */ = {
			isa = PBXGroup;
			children = (
				D9AEEBB2198663960058AFA7 /* libAdapterIAd.a */,
			);
			name = iAd;
			sourceTree = "<group>";
		};
		D9AEEBC919876A770058AFA7 /* Nend */ = {
			isa = PBXGroup;
			children = (
				D9AEEBD019876AA00058AFA7 /* libAdapterNend.a */,
				D9AEEBCA19876A960058AFA7 /* libNendAd.a */,
				D9AEEBCB19876A960058AFA7 /* NADIconArrayView.h */,
				D9AEEBCC19876A960058AFA7 /* NADIconLoader.h */,
				D9AEEBCD19876A960058AFA7 /* NADIconView.h */,
				D9AEEBCE19876A960058AFA7 /* NADView.h */,
			);
			name = Nend;
			sourceTree = "<group>";
		};
		D9AEEBD61987BFDF0058AFA7 /* Tutorial */ = {
			isa = PBXGroup;
			children = (
				D9AEEBD71987BFF90058AFA7 /* ATDTutorialView.h */,
				D9AEEBD81987BFF90058AFA7 /* ATDTutorialView.m */,
				D9AEEBDA1987C0070058AFA7 /* ATDTutorialView.xib */,
				20223CFB198BD4C800B8C97D /* ATDTutorialStartView.h */,
				20223CFC198BD4C800B8C97D /* ATDTutorialStartView.m */,
				20D64FD9198BCF11006A6E07 /* ATDTutorialStartView.xib */,
				D9AEEBDF1987C3290058AFA7 /* ATDTutorialFirstView.xib */,
				D9AEEBE11987C4700058AFA7 /* ATDTutorialSecondView.xib */,
				D9AEEBE31987C4900058AFA7 /* ATDTutorialThirdView.xib */,
				D9AEEBE71987CDA40058AFA7 /* ATDTutorialFinalView.h */,
				D9AEEBE81987CDA40058AFA7 /* ATDTutorialFinalView.m */,
				D9AEEBE51987C4CA0058AFA7 /* ATDTutorialFinalView.xib */,
			);
			name = Tutorial;
			sourceTree = "<group>";
		};
		D9E958611980D1EC0090BEED /* Add */ = {
			isa = PBXGroup;
			children = (
				D9E958621980D2080090BEED /* ATDPlaceSearchCell.h */,
				D9E958631980D2080090BEED /* ATDPlaceSearchCell.m */,
				D9CD7F2B1982176B00293F37 /* ATDPlaceSearchCell.xib */,
			);
			name = Add;
			sourceTree = "<group>";
		};
/* End PBXGroup section */

/* Begin PBXNativeTarget section */
		202C660019604D5D00497257 /* ATODE */ = {
			isa = PBXNativeTarget;
			buildConfigurationList = 202C663319604D5E00497257 /* Build configuration list for PBXNativeTarget "ATODE" */;
			buildPhases = (
				2855450B6C934BC79E4B7E34 /* Check Pods Manifest.lock */,
				202C65FD19604D5D00497257 /* Sources */,
				202C65FE19604D5D00497257 /* Frameworks */,
				202C65FF19604D5D00497257 /* Resources */,
				F98D58F4EE264E79A40416FF /* Copy Pods Resources */,
				20A0F5CF198A992600D94141 /* ShellScript */,
			);
			buildRules = (
			);
			dependencies = (
			);
			name = ATODE;
			productName = ATODE;
			productReference = 202C660119604D5D00497257 /* ATODE.app */;
			productType = "com.apple.product-type.application";
		};
		202C662119604D5E00497257 /* ATODETests */ = {
			isa = PBXNativeTarget;
			buildConfigurationList = 202C663619604D5E00497257 /* Build configuration list for PBXNativeTarget "ATODETests" */;
			buildPhases = (
				202C661E19604D5E00497257 /* Sources */,
				202C661F19604D5E00497257 /* Frameworks */,
				202C662019604D5E00497257 /* Resources */,
			);
			buildRules = (
			);
			dependencies = (
				202C662819604D5E00497257 /* PBXTargetDependency */,
			);
			name = ATODETests;
			productName = ATODETests;
			productReference = 202C662219604D5E00497257 /* ATODETests.xctest */;
			productType = "com.apple.product-type.bundle.unit-test";
		};
/* End PBXNativeTarget section */

/* Begin PBXProject section */
		202C65F919604D5D00497257 /* Project object */ = {
			isa = PBXProject;
			attributes = {
				CLASSPREFIX = ATD;
				LastUpgradeCheck = 0510;
				ORGANIZATIONNAME = himara2;
				TargetAttributes = {
					202C660019604D5D00497257 = {
						DevelopmentTeam = Y6LHTNYSDM;
					};
					202C662119604D5E00497257 = {
						TestTargetID = 202C660019604D5D00497257;
					};
				};
			};
			buildConfigurationList = 202C65FC19604D5D00497257 /* Build configuration list for PBXProject "ATODE" */;
			compatibilityVersion = "Xcode 3.2";
			developmentRegion = English;
			hasScannedForEncodings = 0;
			knownRegions = (
				en,
				Base,
				ja,
			);
			mainGroup = 202C65F819604D5D00497257;
			productRefGroup = 202C660219604D5D00497257 /* Products */;
			projectDirPath = "";
			projectRoot = "";
			targets = (
				202C660019604D5D00497257 /* ATODE */,
				202C662119604D5E00497257 /* ATODETests */,
			);
		};
/* End PBXProject section */

/* Begin PBXResourcesBuildPhase section */
		202C65FF19604D5D00497257 /* Resources */ = {
			isa = PBXResourcesBuildPhase;
			buildActionMask = 2147483647;
			files = (
				202C661D19604D5D00497257 /* Images.xcassets in Resources */,
				D99774121978D51700DBEF35 /* style.css in Resources */,
				D9AEEBE21987C4700058AFA7 /* ATDTutorialSecondView.xib in Resources */,
				208131B119678E9B0094E577 /* ATDPlaceMemoCell.xib in Resources */,
				D9CD7F2C1982176B00293F37 /* ATDPlaceSearchCell.xib in Resources */,
				D9CD7F401986061300293F37 /* LicenseViewController.xib in Resources */,
				2077969E19893FF300EF3879 /* dsym_upload.sh in Resources */,
				D99774111978D51700DBEF35 /* license.html in Resources */,
				D9AEEBE01987C3290058AFA7 /* ATDTutorialFirstView.xib in Resources */,
				202C660F19604D5D00497257 /* InfoPlist.strings in Resources */,
				201F04271970FF5B0045AB37 /* fontawesome-webfont.ttf in Resources */,
				D9AEEBE41987C4900058AFA7 /* ATDTutorialThirdView.xib in Resources */,
				20D64FDA198BCF11006A6E07 /* ATDTutorialStartView.xib in Resources */,
				D9AEEBE61987C4CA0058AFA7 /* ATDTutorialFinalView.xib in Resources */,
				209A406C198A8FFB007409B1 /* Localizable.strings in Resources */,
				D9AEEBDB1987C0070058AFA7 /* ATDTutorialView.xib in Resources */,
				202C661819604D5D00497257 /* Main.storyboard in Resources */,
			);
			runOnlyForDeploymentPostprocessing = 0;
		};
		202C662019604D5E00497257 /* Resources */ = {
			isa = PBXResourcesBuildPhase;
			buildActionMask = 2147483647;
			files = (
			);
			runOnlyForDeploymentPostprocessing = 0;
		};
/* End PBXResourcesBuildPhase section */

/* Begin PBXShellScriptBuildPhase section */
		20A0F5CF198A992600D94141 /* ShellScript */ = {
			isa = PBXShellScriptBuildPhase;
			buildActionMask = 2147483647;
			files = (
			);
			inputPaths = (
			);
			outputPaths = (
			);
			runOnlyForDeploymentPostprocessing = 0;
			shellPath = /bin/sh;
			shellScript = "${PROJECT_DIR}/scripts/update_storyboard_strings.sh";
		};
		2855450B6C934BC79E4B7E34 /* Check Pods Manifest.lock */ = {
			isa = PBXShellScriptBuildPhase;
			buildActionMask = 2147483647;
			files = (
			);
			inputPaths = (
			);
			name = "Check Pods Manifest.lock";
			outputPaths = (
			);
			runOnlyForDeploymentPostprocessing = 0;
			shellPath = /bin/sh;
			shellScript = "diff \"${PODS_ROOT}/../Podfile.lock\" \"${PODS_ROOT}/Manifest.lock\" > /dev/null\nif [[ $? != 0 ]] ; then\n    cat << EOM\nerror: The sandbox is not in sync with the Podfile.lock. Run 'pod install' or update your CocoaPods installation.\nEOM\n    exit 1\nfi\n";
			showEnvVarsInLog = 0;
		};
		F98D58F4EE264E79A40416FF /* Copy Pods Resources */ = {
			isa = PBXShellScriptBuildPhase;
			buildActionMask = 2147483647;
			files = (
			);
			inputPaths = (
			);
			name = "Copy Pods Resources";
			outputPaths = (
			);
			runOnlyForDeploymentPostprocessing = 0;
			shellPath = /bin/sh;
			shellScript = "\"${SRCROOT}/Pods/Pods-resources.sh\"\n";
			showEnvVarsInLog = 0;
		};
/* End PBXShellScriptBuildPhase section */

/* Begin PBXSourcesBuildPhase section */
		202C65FD19604D5D00497257 /* Sources */ = {
			isa = PBXSourcesBuildPhase;
			buildActionMask = 2147483647;
			files = (
				20A0FA541972B0E5004FA008 /* PlaceMemo.m in Sources */,
				201F042119699AEE0045AB37 /* ATDPlaceSearchViewController.m in Sources */,
				20A0FA5D1972D5BE004FA008 /* ATDAnnotation.m in Sources */,
				20A0FA4E1972A53B004FA008 /* ATDDetailViewController.m in Sources */,
				D99773F71977825100DBEF35 /* ATDImageViewController.m in Sources */,
				D9CD7F3F1986061300293F37 /* LicenseViewController.m in Sources */,
				20AA05B119756967009A1735 /* ATDPhotoCell.m in Sources */,
				20AA05B419756975009A1735 /* ATDPlaceInfoCell.m in Sources */,
				208131BB196798BA0094E577 /* ATODE.xcdatamodeld in Sources */,
				201F042A197102750045AB37 /* ATDSettingViewController.m in Sources */,
				202C661519604D5D00497257 /* ATDAppDelegate.m in Sources */,
				D9AEEBE91987CDA40058AFA7 /* ATDTutorialFinalView.m in Sources */,
				20A0FA601972F8C7004FA008 /* ATDMapViewController.m in Sources */,
				20AA05BD197569A9009A1735 /* ATDPostDateCell.m in Sources */,
				202C663C19678BB400497257 /* ATDPlaceMemo.m in Sources */,
				20223CFD198BD4C800B8C97D /* ATDTutorialStartView.m in Sources */,
				20AA05B719756982009A1735 /* ATDMemoCell.m in Sources */,
				20A0FA5A1972D48B004FA008 /* MKMapView+ATDZoomLevel.m in Sources */,
				D9E958651980D2080090BEED /* ATDPlaceSearchCell.m in Sources */,
				208131C11967AF2F0094E577 /* ATDCoreDataManger.m in Sources */,
				20AA05BA1975698E009A1735 /* ATDMapCell.m in Sources */,
				202C661119604D5D00497257 /* main.m in Sources */,
				D99774011977DFCC00DBEF35 /* ATDEditMemoViewController.m in Sources */,
				202C661B19604D5D00497257 /* ATDViewController.m in Sources */,
				208131B4196791A70094E577 /* ATDAddViewController.m in Sources */,
				208131AF19678E8E0094E577 /* ATDPlaceMemoCell.m in Sources */,
				D9AEEBD91987BFF90058AFA7 /* ATDTutorialView.m in Sources */,
				207796961989380800EF3879 /* UIViewController+GAInject.m in Sources */,
				201F04241970F9560045AB37 /* ATD4sqPlace.m in Sources */,
				D99774051977EB3800DBEF35 /* ATDPlaceholderTextView.m in Sources */,
			);
			runOnlyForDeploymentPostprocessing = 0;
		};
		202C661E19604D5E00497257 /* Sources */ = {
			isa = PBXSourcesBuildPhase;
			buildActionMask = 2147483647;
			files = (
			);
			runOnlyForDeploymentPostprocessing = 0;
		};
/* End PBXSourcesBuildPhase section */

/* Begin PBXTargetDependency section */
		202C662819604D5E00497257 /* PBXTargetDependency */ = {
			isa = PBXTargetDependency;
			target = 202C660019604D5D00497257 /* ATODE */;
			targetProxy = 202C662719604D5E00497257 /* PBXContainerItemProxy */;
		};
/* End PBXTargetDependency section */

/* Begin PBXVariantGroup section */
		202C660D19604D5D00497257 /* InfoPlist.strings */ = {
			isa = PBXVariantGroup;
			children = (
				202C660E19604D5D00497257 /* en */,
			);
			name = InfoPlist.strings;
			sourceTree = "<group>";
		};
		202C661619604D5D00497257 /* Main.storyboard */ = {
			isa = PBXVariantGroup;
			children = (
				20D64FD7198BC371006A6E07 /* Base */,
				20D64FD8198BC380006A6E07 /* ja */,
			);
			name = Main.storyboard;
			sourceTree = "<group>";
		};
		209A406E198A8FFB007409B1 /* Localizable.strings */ = {
			isa = PBXVariantGroup;
			children = (
				209A406D198A8FFB007409B1 /* en */,
				20D64FD5198BBFF1006A6E07 /* ja */,
			);
			name = Localizable.strings;
			sourceTree = "<group>";
		};
/* End PBXVariantGroup section */

/* Begin XCBuildConfiguration section */
		202C663119604D5E00497257 /* Debug */ = {
			isa = XCBuildConfiguration;
			buildSettings = {
				ALWAYS_SEARCH_USER_PATHS = NO;
				CLANG_CXX_LANGUAGE_STANDARD = "gnu++0x";
				CLANG_CXX_LIBRARY = "libc++";
				CLANG_ENABLE_MODULES = YES;
				CLANG_ENABLE_OBJC_ARC = YES;
				CLANG_WARN_BOOL_CONVERSION = YES;
				CLANG_WARN_CONSTANT_CONVERSION = YES;
				CLANG_WARN_DIRECT_OBJC_ISA_USAGE = YES_ERROR;
				CLANG_WARN_EMPTY_BODY = YES;
				CLANG_WARN_ENUM_CONVERSION = YES;
				CLANG_WARN_INT_CONVERSION = YES;
				CLANG_WARN_OBJC_ROOT_CLASS = YES_ERROR;
				CLANG_WARN__DUPLICATE_METHOD_MATCH = YES;
				"CODE_SIGN_IDENTITY[sdk=iphoneos*]" = "iPhone Developer";
				COPY_PHASE_STRIP = NO;
				GCC_C_LANGUAGE_STANDARD = gnu99;
				GCC_DYNAMIC_NO_PIC = NO;
				GCC_OPTIMIZATION_LEVEL = 0;
				GCC_PREPROCESSOR_DEFINITIONS = (
					"DEBUG=1",
					"$(inherited)",
				);
				GCC_SYMBOLS_PRIVATE_EXTERN = NO;
				GCC_WARN_64_TO_32_BIT_CONVERSION = YES;
				GCC_WARN_ABOUT_RETURN_TYPE = YES_ERROR;
				GCC_WARN_UNDECLARED_SELECTOR = YES;
				GCC_WARN_UNINITIALIZED_AUTOS = YES_AGGRESSIVE;
				GCC_WARN_UNUSED_FUNCTION = YES;
				GCC_WARN_UNUSED_VARIABLE = YES;
				IPHONEOS_DEPLOYMENT_TARGET = 7.0;
				ONLY_ACTIVE_ARCH = YES;
				OTHER_LDFLAGS = "-ObjC";
				SDKROOT = iphoneos;
			};
			name = Debug;
		};
		202C663219604D5E00497257 /* Release */ = {
			isa = XCBuildConfiguration;
			buildSettings = {
				ALWAYS_SEARCH_USER_PATHS = NO;
				CLANG_CXX_LANGUAGE_STANDARD = "gnu++0x";
				CLANG_CXX_LIBRARY = "libc++";
				CLANG_ENABLE_MODULES = YES;
				CLANG_ENABLE_OBJC_ARC = YES;
				CLANG_WARN_BOOL_CONVERSION = YES;
				CLANG_WARN_CONSTANT_CONVERSION = YES;
				CLANG_WARN_DIRECT_OBJC_ISA_USAGE = YES_ERROR;
				CLANG_WARN_EMPTY_BODY = YES;
				CLANG_WARN_ENUM_CONVERSION = YES;
				CLANG_WARN_INT_CONVERSION = YES;
				CLANG_WARN_OBJC_ROOT_CLASS = YES_ERROR;
				CLANG_WARN__DUPLICATE_METHOD_MATCH = YES;
				"CODE_SIGN_IDENTITY[sdk=iphoneos*]" = "iPhone Distribution: RYOSUKE HIRAMATSU (Y6LHTNYSDM)";
				COPY_PHASE_STRIP = YES;
				ENABLE_NS_ASSERTIONS = NO;
				GCC_C_LANGUAGE_STANDARD = gnu99;
				GCC_WARN_64_TO_32_BIT_CONVERSION = YES;
				GCC_WARN_ABOUT_RETURN_TYPE = YES_ERROR;
				GCC_WARN_UNDECLARED_SELECTOR = YES;
				GCC_WARN_UNINITIALIZED_AUTOS = YES_AGGRESSIVE;
				GCC_WARN_UNUSED_FUNCTION = YES;
				GCC_WARN_UNUSED_VARIABLE = YES;
				IPHONEOS_DEPLOYMENT_TARGET = 7.0;
				OTHER_LDFLAGS = "-ObjC";
				PROVISIONING_PROFILE = "17536024-DC56-45F6-841D-5D361C97E7C2";
				SDKROOT = iphoneos;
				VALIDATE_PRODUCT = YES;
			};
			name = Release;
		};
		202C663419604D5E00497257 /* Debug */ = {
			isa = XCBuildConfiguration;
			baseConfigurationReference = D74FAF12D3944CD3976CCA94 /* Pods.xcconfig */;
			buildSettings = {
				ASSETCATALOG_COMPILER_APPICON_NAME = AppIcon;
				ASSETCATALOG_COMPILER_LAUNCHIMAGE_NAME = LaunchImage;
				CODE_SIGN_IDENTITY = "iPhone Developer";
				"CODE_SIGN_IDENTITY[sdk=iphoneos*]" = "iPhone Developer";
				GCC_PRECOMPILE_PREFIX_HEADER = YES;
				GCC_PREFIX_HEADER = "ATODE/ATODE-Prefix.pch";
				INFOPLIST_FILE = "ATODE/ATODE-Info.plist";
				IPHONEOS_DEPLOYMENT_TARGET = 7.0;
				LIBRARY_SEARCH_PATHS = (
					"$(inherited)",
					"$(PROJECT_DIR)/ATODE",
					"$(PROJECT_DIR)/ATODE/CrittercismSDK",
				);
				PRODUCT_NAME = "$(TARGET_NAME)";
				PROVISIONING_PROFILE = "";
				WRAPPER_EXTENSION = app;
			};
			name = Debug;
		};
		202C663519604D5E00497257 /* Release */ = {
			isa = XCBuildConfiguration;
			baseConfigurationReference = D74FAF12D3944CD3976CCA94 /* Pods.xcconfig */;
			buildSettings = {
				ASSETCATALOG_COMPILER_APPICON_NAME = AppIcon;
				ASSETCATALOG_COMPILER_LAUNCHIMAGE_NAME = LaunchImage;
				CODE_SIGN_IDENTITY = "iPhone Distribution: RYOSUKE HIRAMATSU (Y6LHTNYSDM)";
				"CODE_SIGN_IDENTITY[sdk=iphoneos*]" = "iPhone Distribution: RYOSUKE HIRAMATSU (Y6LHTNYSDM)";
				GCC_PRECOMPILE_PREFIX_HEADER = YES;
				GCC_PREFIX_HEADER = "ATODE/ATODE-Prefix.pch";
				INFOPLIST_FILE = "ATODE/ATODE-Info.plist";
				IPHONEOS_DEPLOYMENT_TARGET = 7.0;
				LIBRARY_SEARCH_PATHS = (
					"$(inherited)",
					"$(PROJECT_DIR)/ATODE",
					"$(PROJECT_DIR)/ATODE/CrittercismSDK",
				);
				PRODUCT_NAME = "$(TARGET_NAME)";
				PROVISIONING_PROFILE = "17536024-DC56-45F6-841D-5D361C97E7C2";
				WRAPPER_EXTENSION = app;
			};
			name = Release;
		};
		202C663719604D5E00497257 /* Debug */ = {
			isa = XCBuildConfiguration;
			buildSettings = {
				BUNDLE_LOADER = "$(BUILT_PRODUCTS_DIR)/ATODE.app/ATODE";
				FRAMEWORK_SEARCH_PATHS = (
					"$(SDKROOT)/Developer/Library/Frameworks",
					"$(inherited)",
					"$(DEVELOPER_FRAMEWORKS_DIR)",
				);
				GCC_PRECOMPILE_PREFIX_HEADER = YES;
				GCC_PREFIX_HEADER = "ATODE/ATODE-Prefix.pch";
				GCC_PREPROCESSOR_DEFINITIONS = (
					"DEBUG=1",
					"$(inherited)",
				);
				INFOPLIST_FILE = "ATODETests/ATODETests-Info.plist";
				PRODUCT_NAME = "$(TARGET_NAME)";
				TEST_HOST = "$(BUNDLE_LOADER)";
				WRAPPER_EXTENSION = xctest;
			};
			name = Debug;
		};
		202C663819604D5E00497257 /* Release */ = {
			isa = XCBuildConfiguration;
			buildSettings = {
				BUNDLE_LOADER = "$(BUILT_PRODUCTS_DIR)/ATODE.app/ATODE";
				FRAMEWORK_SEARCH_PATHS = (
					"$(SDKROOT)/Developer/Library/Frameworks",
					"$(inherited)",
					"$(DEVELOPER_FRAMEWORKS_DIR)",
				);
				GCC_PRECOMPILE_PREFIX_HEADER = YES;
				GCC_PREFIX_HEADER = "ATODE/ATODE-Prefix.pch";
				INFOPLIST_FILE = "ATODETests/ATODETests-Info.plist";
				PRODUCT_NAME = "$(TARGET_NAME)";
				TEST_HOST = "$(BUNDLE_LOADER)";
				WRAPPER_EXTENSION = xctest;
			};
			name = Release;
		};
/* End XCBuildConfiguration section */

/* Begin XCConfigurationList section */
		202C65FC19604D5D00497257 /* Build configuration list for PBXProject "ATODE" */ = {
			isa = XCConfigurationList;
			buildConfigurations = (
				202C663119604D5E00497257 /* Debug */,
				202C663219604D5E00497257 /* Release */,
			);
			defaultConfigurationIsVisible = 0;
			defaultConfigurationName = Release;
		};
		202C663319604D5E00497257 /* Build configuration list for PBXNativeTarget "ATODE" */ = {
			isa = XCConfigurationList;
			buildConfigurations = (
				202C663419604D5E00497257 /* Debug */,
				202C663519604D5E00497257 /* Release */,
			);
			defaultConfigurationIsVisible = 0;
			defaultConfigurationName = Release;
		};
		202C663619604D5E00497257 /* Build configuration list for PBXNativeTarget "ATODETests" */ = {
			isa = XCConfigurationList;
			buildConfigurations = (
				202C663719604D5E00497257 /* Debug */,
				202C663819604D5E00497257 /* Release */,
			);
			defaultConfigurationIsVisible = 0;
			defaultConfigurationName = Release;
		};
/* End XCConfigurationList section */

/* Begin XCVersionGroup section */
		208131B9196798BA0094E577 /* ATODE.xcdatamodeld */ = {
			isa = XCVersionGroup;
			children = (
				208131BA196798BA0094E577 /* ATODE.xcdatamodel */,
			);
			currentVersion = 208131BA196798BA0094E577 /* ATODE.xcdatamodel */;
			path = ATODE.xcdatamodeld;
			sourceTree = "<group>";
			versionGroupType = wrapper.xcdatamodel;
		};
/* End XCVersionGroup section */
	};
	rootObject = 202C65F919604D5D00497257 /* Project object */;
}
